
Microsoft Visual Studio Solution File, Format Version 12.00
# Visual Studio Version 17
VisualStudioVersion = 17.14.36804.6 d17.14
MinimumVisualStudioVersion = 10.0.40219.1
Project("{FAE04EC0-301F-11D3-BF4B-00C04F79EFBC}") = "LibraryManagementAPI", "LibraryManagementAPI\LibraryManagementAPI.csproj", "{EBA48A62-E2C4-4D47-A693-360DD6C7D4AF}"
EndProject
Project("{FAE04EC0-301F-11D3-BF4B-00C04F79EFBC}") = "LibraryManagementClassLib", "LibraryManagementClassLib\LibraryManagementClassLib.csproj", "{023A6676-1DB4-437E-89A0-D84EA6432BAD}"
EndProject
Global
	GlobalSection(SolutionConfigurationPlatforms) = preSolution
		Debug|Any CPU = Debug|Any CPU
		Release|Any CPU = Release|Any CPU
	EndGlobalSection
	GlobalSection(ProjectConfigurationPlatforms) = postSolution
		{EBA48A62-E2C4-4D47-A693-360DD6C7D4AF}.Debug|Any CPU.ActiveCfg = Debug|Any CPU
		{EBA48A62-E2C4-4D47-A693-360DD6C7D4AF}.Debug|Any CPU.Build.0 = Debug|Any CPU
		{EBA48A62-E2C4-4D47-A693-360DD6C7D4AF}.Release|Any CPU.ActiveCfg = Release|Any CPU
		{EBA48A62-E2C4-4D47-A693-360DD6C7D4AF}.Release|Any CPU.Build.0 = Release|Any CPU
		{023A6676-1DB4-437E-89A0-D84EA6432BAD}.Debug|Any CPU.ActiveCfg = Debug|Any CPU
		{023A6676-1DB4-437E-89A0-D84EA6432BAD}.Debug|Any CPU.Build.0 = Debug|Any CPU
		{023A6676-1DB4-437E-89A0-D84EA6432BAD}.Release|Any CPU.ActiveCfg = Release|Any CPU
		{023A6676-1DB4-437E-89A0-D84EA6432BAD}.Release|Any CPU.Build.0 = Release|Any CPU
	EndGlobalSection
	GlobalSection(SolutionProperties) = preSolution
		HideSolutionNode = FALSE
	EndGlobalSection
	GlobalSection(ExtensibilityGlobals) = postSolution
		SolutionGuid = {0B99A470-0CE1-402F-A85E-B13CB9BE0FB7}
	EndGlobalSection
EndGlobal
